<Solution>
  <Folder Name="/Api/">
    <Project Path="Api/WebApi/WebApi.csproj" />
  </Folder>
  <Folder Name="/Common/">
    <Project Path="Common/Primitives/Common.Primitives.csproj" />
  </Folder>
  <Folder Name="/ServiceInstallers/">
    <Project Path="ServiceInstallers/ServiceInstallers.Abstractions/ServiceInstallers.Abstractions.csproj" />
    <Project Path="ServiceInstallers/ServiceInstallers/ServiceInstallers.csproj" />
  </Folder>
  <Folder Name="/Solution Items/">
    <File Path=".gitignore" />
  </Folder>
  <Project Path="Startup/Startup.csproj" Id="31355fed-7d29-4df5-872e-8f2162b383bd" />
</Solution>
